{
  "name": "BE",
  "lockfileVersion": 3,
  "requires": true,
  "packages": {
    "": {
      "dependencies": {
        "axios": "^1.7.7",
        "bcrypt": "^5.1.1",
        "cors": "^2.8.5",
        "dotenv": "^16.4.5",
        "express": "^4.21.1",
        "express-session": "^1.18.1",
        "jsonwebtoken": "^9.0.2",
        "mysql2": "^3.11.3",
        "nodejs": "^0.0.0",
        "qs": "^6.13.0"
      }
    },
    "node_modules/@mapbox/node-pre-gyp": {
      "version": "1.0.11",
      "resolved": "https://registry.npmjs.org/@mapbox/node-pre-gyp/-/node-pre-gyp-1.0.11.tgz",
      "integrity": "sha512-Yhlar6v9WQgUp/He7BdgzOz8lqMQ8sU+jkCq7Wx8Myc5YFJLbEe7lgui/V7G1qB1DJykHSGwreceSaD60Y0PUQ==",
      "dependencies": {
        "detect-libc": "^2.0.0",
        "https-proxy-agent": "^5.0.0",
        "make-dir": "^3.1.0",
        "node-fetch": "^2.6.7",
        "nopt": "^5.0.0",
        "npmlog": "^5.0.1",
        "rimraf": "^3.0.2",
        "semver": "^7.3.5",
        "tar": "^6.1.11"
      },
      "bin": {
        "node-pre-gyp": "bin/node-pre-gyp"
      }
    },
    "node_modules/abbrev": {
      "version": "1.1.1",
      "resolved": "https://registry.npmjs.org/abbrev/-/abbrev-1.1.1.tgz",
      "integrity": "sha512-nne9/IiQ/hzIhY6pdDnbBtz7DjPTKrY00P/zvPSm5pOFkl6xuGrGnXn/VtTNNfNtAfZ9/1RtehkszU9qcTii0Q=="
    },
    "node_modules/accepts": {
      "version": "1.3.8",
      "resolved": "https://registry.npmjs.org/accepts/-/accepts-1.3.8.tgz",
      "integrity": "sha512-PYAthTa2m2VKxuvSD3DPC/Gy+U+sOA1LAuT8mkmRuvw+NACSaeXEQ+NHcVF7rONl6qcaxV3Uuemwawk+7+SJLw==",
      "license": "MIT",
      "dependencies": {
        "mime-types": "~2.1.34",
        "negotiator": "0.6.3"
      },
      "engines": {
        "node": ">= 0.6"
      }
    },
    "node_modules/agent-base": {
      "version": "6.0.2",
      "resolved": "https://registry.npmjs.org/agent-base/-/agent-base-6.0.2.tgz",
      "integrity": "sha512-RZNwNclF7+MS/8bDg70amg32dyeZGZxiDuQmZxKLAlQjr3jGyLx+4Kkk58UO7D2QdgFIQCovuSuZESne6RG6XQ==",
      "dependencies": {
        "debug": "4"
      },
      "engines": {
        "node": ">= 6.0.0"
      }
    },
    "node_modules/agent-base/node_modules/debug": {
      "version": "4.3.7",
      "resolved": "https://registry.npmjs.org/debug/-/debug-4.3.7.tgz",
      "integrity": "sha512-Er2nc/H7RrMXZBFCEim6TCmMk02Z8vLC2Rbi1KEBggpo0fS6l0S1nnapwmIi3yW/+GOJap1Krg4w0Hg80oCqgQ==",
      "dependencies": {
        "ms": "^2.1.3"
      },
      "engines": {
        "node": ">=6.0"
      },
      "peerDependenciesMeta": {
        "supports-color": {
          "optional": true
        }
      }
    },
    "node_modules/agent-base/node_modules/ms": {
      "version": "2.1.3",
      "resolved": "https://registry.npmjs.org/ms/-/ms-2.1.3.tgz",
      "integrity": "sha512-6FlzubTLZG3J2a/NVCAleEhjzq5oxgHyaCU9yYXvcLsvoVaHJq/s5xXI6/XXP6tz7R9xAOtHnSO/tXtF3WRTlA=="
    },
    "node_modules/ansi-regex": {
      "version": "5.0.1",
      "resolved": "https://registry.npmjs.org/ansi-regex/-/ansi-regex-5.0.1.tgz",
      "integrity": "sha512-quJQXlTSUGL2LH9SUXo8VwsY4soanhgo6LNSm84E1LBcE8s3O0wpdiRzyR9z/ZZJMlMWv37qOOb9pdJlMUEKFQ==",
      "engines": {
        "node": ">=8"
      }
    },
    "node_modules/aproba": {
      "version": "2.0.0",
      "resolved": "https://registry.npmjs.org/aproba/-/aproba-2.0.0.tgz",
      "integrity": "sha512-lYe4Gx7QT+MKGbDsA+Z+he/Wtef0BiwDOlK/XkBrdfsh9J/jPPXbX0tE9x9cl27Tmu5gg3QUbUrQYa/y+KOHPQ=="
    },
    "node_modules/are-we-there-yet": {
      "version": "2.0.0",
      "resolved": "https://registry.npmjs.org/are-we-there-yet/-/are-we-there-yet-2.0.0.tgz",
      "integrity": "sha512-Ci/qENmwHnsYo9xKIcUJN5LeDKdJ6R1Z1j9V/J5wyq8nh/mYPEpIKJbBZXtZjG04HiK7zV/p6Vs9952MrMeUIw==",
      "deprecated": "This package is no longer supported.",
      "dependencies": {
        "delegates": "^1.0.0",
        "readable-stream": "^3.6.0"
      },
      "engines": {
        "node": ">=10"
      }
    },
    "node_modules/array-flatten": {
      "version": "1.1.1",
      "resolved": "https://registry.npmjs.org/array-flatten/-/array-flatten-1.1.1.tgz",
      "integrity": "sha512-PCVAQswWemu6UdxsDFFX/+gVeYqKAod3D3UVm91jHwynguOwAvYPhx8nNlM++NqRcK6CxxpUafjmhIdKiHibqg==",
      "license": "MIT"
    },
    "node_modules/asynckit": {
      "version": "0.4.0",
      "resolved": "https://registry.npmjs.org/asynckit/-/asynckit-0.4.0.tgz",
      "integrity": "sha512-Oei9OH4tRh0YqU3GxhX79dM/mwVgvbZJaSNaRk+bshkj0S5cfHcgYakreBjrHwatXKbz+IoIdYLxrKim2MjW0Q==",
      "license": "MIT"
    },
    "node_modules/aws-ssl-profiles": {
      "version": "1.1.2",
      "resolved": "https://registry.npmjs.org/aws-ssl-profiles/-/aws-ssl-profiles-1.1.2.tgz",
      "integrity": "sha512-NZKeq9AfyQvEeNlN0zSYAaWrmBffJh3IELMZfRpJVWgrpEbtEpnjvzqBPf+mxoI287JohRDoa+/nsfqqiZmF6g==",
      "license": "Apache-2.0"
    },
    "node_modules/base64-js": {
      "version": "1.5.1",
      "resolved": "https://registry.npmjs.org/base64-js/-/base64-js-1.5.1.tgz",
      "integrity": "sha512-o+jgZDS5HLaiXazlbE22EVB43btlV3UJWi77sF5Nc0cMVJ+dp9L0akgjBXgGVGCSUEJ6j8zXofzGg26UwAHNhg=="
    },
    "node_modules/body-parser": {
      "version": "1.20.2",
      "resolved": "https://registry.npmjs.org/body-parser/-/body-parser-1.20.2.tgz",
      "integrity": "sha512-pEnGG3cN5l1P5//vUJ0mI07e39tG0W8Gch1mpOwW7kTeV/nsp2qgXGKbWscE33Pqk4EX6LFvXLP3nA6MycOMZQ==",
      "license": "MIT",
      "dependencies": {
        "bytes": "3.1.2",
        "content-type": "~1.0.5",
        "debug": "~2.6.9",
        "depd": "~2.0.0",
        "http-errors": "~2.0.0",
        "iconv-lite": "0.4.x",
        "qs": "~6.5.2",
        "raw-body": "~2.5.1"
      }
    },
    "node_modules/buffer-from": {
      "version": "1.1.2",
      "resolved": "https://registry.npmjs.org/buffer-from/-/buffer-from-1.1.2.tgz",
      "integrity": "sha512-rfDzMlGp32xi9ZUk6Q1uRa8c+NqIzB1hu/Z6B5M8s0ZnvQ/SZp9W5Nh4oM+w93SxZs9BsfE/4+f1ZOE2Fq0Dgw=="
    },
    "node_modules/cors": {
      "version": "2.8.5",
      "resolved": "https://registry.npmjs.org/cors/-/cors-2.8.5.tgz",
      "integrity": "sha512-PH3DdMXOChNCWf56gKDmVt8M8+8BxDhnAb7lFLuZpfySdiTzBc9/NGor/9dugScEOKeGH6bfkto5bRm4+eh4w==",
      "license": "MIT"
    },
    "node_modules/cross-fetch": {
      "version": "3.1.6",
      "resolved": "https://registry.npmjs.org/cross-fetch/-/cross-fetch-3.1.6.tgz",
      "integrity": "sha512-owPqM0C7R7U1Kvn5Mb1xHsnOIRWgI0BjHHnQcm2h7TUL3SY2hDSfH2wP5TAq1V9Otps4UHg7EY30pyqLfVqIw==",
      "license": "MIT",
      "dependencies": {
        "node-fetch": "^2.6.1",
        "whatwg-fetch": "^3.6.2"
      },
      "engines": {
        "node": ">=6"
      }
    },
    "node_modules/del": {
      "version": "6.1.0",
      "resolved": "https://registry.npmjs.org/del/-/del-6.1.0.tgz",
      "integrity": "sha512-D7Uw7XbsD0K6xM5j6uYhx2RuUtT6EPUc9UgyH8x8jZgUphYx6ObD1THfKx6fiNay2ywUHM9gR7kFEwT9q6lXZw==",
      "license": "MIT",
      "dependencies": {
        "globby": "^10.0.0",
        "p-map": "^6.0.0",
        "pify": "^6.0.0",
        "slash": "^4.0.0"
      }
    },
    "node_modules/delegates": {
      "version": "1.0.0",
      "resolved": "https://registry.npmjs.org/delegates/-/delegates-1.0.0.tgz",
      "integrity": "sha512-wFbyiLs4/TZ4eyZzQ7T2PUe2yE82MmtOP5D0HMUuGsFMx5LCrTgK4wU7DNFD0NlvcO36IR0FbxPpR1PV0TLrgA=="
    },
    "node_modules/detect-libc": {
      "version": "2.0.0",
      "resolved": "https://registry.npmjs.org/detect-libc/-/detect-libc-2.0.0.tgz",
      "integrity": "sha512-Cv1a0S9U+rHnGqtqjAZ5t9oHgfJMc2vFQ08cwn/iVEb/SoUBR2Zz6YMMOg0u33M3WkdMHiNiBuWoWtdx1MRjQ=="
    },
    "node_modules/dotenv": {
      "version": "16.4.5",
      "resolved": "https://registry.npmjs.org/dotenv/-/dotenv-16.4.5.tgz",
      "integrity": "sha512-F3gKz0vbKv/sQvpmZ9Z4Th2HyBS0CykB00bpRveYeGqPI3ubJ8O5oHyS/ZEDyPRs6EyHw0toKTfKDN2wOi+5g==",
      "license": "MIT"
    },
    "node_modules/duplexer": {
      "version": "0.1.1",
      "resolved": "https://registry.npmjs.org/duplexer/-/duplexer-0.1.1.tgz",
      "integrity": "sha512-YRIUqTFSHqY85lMkUEA43Gtc7gi72pLZDaJzrL5gZj+9Q70WWS4B5TWNffqFRZIXc8Zn82MFm6LUbi4wW9vYYQ==",
      "license": "MIT"
    },
    "node_modules/duplexer2": {
      "version": "0.1.4",
      "resolved": "https://registry.npmjs.org/duplexer2/-/duplexer2-0.1.4.tgz",
      "integrity": "sha512-X3T/tcTfQVgBg1lmqNGQbIb0IbXJsIu2H8ukGsv9Ebdob4Fz2ZcPbHfuDffLyyphClP7sWssEPHIXFY3/sZRAg=="
    },
    "node_modules/encoding": {
      "version": "0.1.13",
      "resolved": "https://registry.npmjs.org/encoding/-/encoding-0.1.13.tgz",
      "integrity": "sha512-PgYSmk1Zt4Ke4yXhRLf2cBZZLTgCPw+RWeOkIY9+0P83TDwYwAX3JMiGHU3rbyfYJYkYfl3Wm2DblpsV9OY3nA=="
    },
    "node_modules/express": {
      "version": "4.21.1",
      "resolved": "https://registry.npmjs.org/express/-/express-4.21.1.tgz",
      "integrity": "sha512-PSi74UdnH6iWGbU8PtW3/2TRh0/27yYYfihs17cNnT6EYRC53E5s0dxG/j0ADqz/8/cS1hGFPCfZG0QtwM4G7A==",
      "license": "MIT",
      "dependencies": {
        "accepts": "~1.3.8",
        "array-flatten": "1.1.1",
        "body-parser": "1.20.2",
        "cookie": "0.5.0",
        "cookie-signature": "1.0.6",
        "debug": "2.6.9",
        "depd": "~2.0.0",
        "http-errors": "~2.0.0",
        "http-proxy": "~1.18.1",
        "on-finished": "2.4.1",
        "on-headers": "1.0.2",
        "qs": "6.5.2",
        "response-time": "~2.3.0",
        "safe-buffer": "5.2.1",
        "serve-static": "1.14.1",
        "setprototypeof": "1.2.0",
        "statuses": ">= 1.5.0 < 2",
        "type-is": "~1.6.18",
        "utils-merge": "1.0.1"
      }
    },
    "node_modules/express-session": {
      "version": "1.18.1",
      "resolved": "https://registry.npmjs.org/express-session/-/express-session-1.18.1.tgz",
      "integrity": "sha512-d3p1E5QMB0Ht8Tb3xPY9PqlOKT+zFnd5s5xIbBfURP/PZV3nRL9H+cRl9q/g9MiM33XAf5REu5mf6GmFjMW4Og==",
      "license": "MIT",
      "dependencies": {
        "debug": "2.6.9",
        "depd": "~2.0.0",
        "on-headers": "1.0.2",
        "parseurl": "~1.3.3",
        "uid-safe": "2.1.5"
      }
    },
    "node_modules/express-session/node_modules/debug": {
      "version": "2.6.9",
      "resolved": "https://registry.npmjs.org/debug/-/debug-2.6.9.tgz",
      "integrity": "sha512-tl5OYymCCmU9DSyOrCXhMQlXUnHkQjqfu4a2Ow8UtVqOQqHt3m1IJe4P3G5zRW0+9uGdiQ+d4wdD8UJx2OSKMQ==",
      "dependencies": {
        "ms": "2.0.0"
      }
    },
    "node_modules/got": {
      "version": "12.4.0",
      "resolved": "https://registry.npmjs.org/got/-/got-12.4.0.tgz",
      "integrity": "sha512-tgU5xB9yV8ekEPU7UeqNduWc0EDYfR8jSSQGzIVUZslD0wYXvU3nR4A8nmYX/18fTBh7I2lCpBl/pUtshySnqw==",
      "license": "MIT",
      "dependencies": {
        "@sindresorhus/is": "^4.0.0",
        "got-cjs": "^12.0.0",
        "http-cache-semantics": "^4.1.0",
        "lowercase-keys": "^3.0.0",
        "merge-defaults": "^3.0.0",
        "node-fetch": "^2.6.0",
        "url-parse-lax": "^3.0.0",
        "url-to-http-url": "^1.0.0",
        "zlib-browserify": "^1.0.0"
      },
      "engines": {
        "node": ">=8"
      }
    },
    "node_modules/http-errors": {
      "version": "2.0.0",
      "resolved": "https://registry.npmjs.org/http-errors/-/http-errors-2.0.0.tgz",
      "integrity": "sha512-VZq0bI/2gDrpMgka6Zn8ucBzxFeiPCbWfkvtn8n1U02h4DWT2s70OYjYxR0O/EDg4jbCFA3C4FIOgHh76A3uOw==",
      "license": "MIT",
      "dependencies": {
        "depd": "~2.0.0",
        "inherits": "2.0.4",
        "setprototypeof": "1.2.0"
      },
      "engines": {
        "node": ">=0.10"
      }
    },
    "node_modules/http-proxy": {
      "version": "1.18.1",
      "resolved": "https://registry.npmjs.org/http-proxy/-/http-proxy-1.18.1.tgz",
      "integrity": "sha512-uqA/5grJBLc76OlqYAcVg65Nf9+lUinLWyUkaeGZSWoZ1wn+BX1kRVyMND87RiN1U/CG5ZHTGID8wJWQ/Y15sA==",
      "license": "MIT",
      "dependencies": {
        "buffer": "^4.9.1",
        "events": "^3.2.0",
        "http-proxy-agent": "^5.0.0",
        "is-arrayish": "^0.3.2",
        "lodash": "^4.17.21",
        "require-injection": "^1.0.0",
        "stream-throttle": "^2.0.0",
        "url": "^0.11.0",
        "ws": "^7.5.7"
      }
    },
    "node_modules/iconv-lite": {
      "version": "0.4.24",
      "resolved": "https://registry.npmjs.org/iconv-lite/-/iconv-lite-0.4.24.tgz",
      "integrity": "sha512-0VhT6f5DS9kL6c1Oh5ejdihvh9DK2y3fD5GzvLgBmyUVDKIlD+K7S0cBzUdY3Qeb98TbzD7Lfx6g31aZRiAeEw==",
      "license": "MIT"
    },
    "node_modules/iferr": {
      "version": "0.1.5",
      "resolved": "https://registry.npmjs.org/iferr/-/iferr-0.1.5.tgz",
      "integrity": "sha512-CZ0pt1xZZ8Ve7Xz//Vj3C+2zTGT2tvDCH85tdMTMlDZnNcgBoEEOb2fFQ++rgK/iG4BDnBb61C3hrOeC3KtCw=="
    },
    "node_modules/inherits": {
      "version": "2.0.4",
      "resolved": "https://registry.npmjs.org/inherits/-/inherits-2.0.4.tgz",
      "integrity": "sha512-c0t4hWsXXA2IexXq0BrUHUg6DMMDBcHz7Xj74GQiAuZr28sLR5P44ez9cLOrWgK0AP2AjYQb+Xk6acWxJdbDRA=="
    },
    "node_modules/jwt-simple": {
      "version": "0.5.6",
      "resolved": "https://registry.npmjs.org/jwt-simple/-/jwt-simple-0.5.6.tgz",
      "integrity": "sha512-sVXL+eZymuQtRmFbZChA1LSdPAv8HqWQ2S6va6Wr6x/q2cZ2LS0m+dTYyAQWzqNU8T3Tc7N0wIofEcZfGhvT8A=="
    },
    "node_modules/lowercase-keys": {
      "version": "3.0.0",
      "resolved": "https://registry.npmjs.org/lowercase-keys/-/lowercase-keys-3.0.0.tgz",
      "integrity": "sha512-ME+AE8tKsyvU9F6ADdmfOf5mp66AbpTpq5kR8IcB0iwtgbBlhhlUSn+nZ2T+FxtTIu8gC7zEq0F+SQbW9B1v/mw=="
    },
    "node_modules/lusca": {
      "version": "1.8.2",
      "resolved": "https://registry.npmjs.org/lusca/-/lusca-1.8.2.tgz",
      "integrity": "sha512-vqTMCB9lw2n3GbHu+lEBS7CwMm/57zQqU6A/r/muQvmqBy9LBp86rSeDd4JuKZ5g8MLHyeDqA8DTbWod4MRi2g==",
      "dependencies": {
        "connect-redis": "^6.0.0",
        "express": "^4.17.0",
        "helmet": "^4.4.1",
        "redis": "^3.0.2"
      },
      "engines": {
        "node": ">= 4.0.0"
      }
    },
    "node_modules/mapbox-sdk": {
      "version": "1.0.1",
      "resolved": "https://registry.npmjs.org/mapbox-sdk/-/mapbox-sdk-1.0.1.tgz",
      "integrity": "sha512-7QtkuCakXkjL6ZGh9xg4eZC8AA4MLQAhCZTUsydt9oXoH04HUsv4BfqWydKH8x8rCV/GphG1ZP3ubZ6ZKhiLSw==",
      "dependencies": {
        "request": "^2.88.2"
      },
      "engines": {
        "node": ">=10"
      }
    },
    "node_modules/mime-types": {
      "version": "2.1.34",
      "resolved": "https://registry.npmjs.org/mime-types/-/mime-types-2.1.34.tgz",
      "integrity": "sha512-D8gXf2hY+g4UoT5eyG7GZBQVJ14OWEojh8HcfAegM1aF4F1oMLUIBSZ9JtOKWSq7yRkjH99ZPdofhtSzOoeaZg==",
      "license": "MIT"
    },
    "node_modules/ms": {
      "version": "2.1.3",
      "resolved": "https://registry.npmjs.org/ms/-/ms-2.1.3.tgz",
      "integrity": "sha512-bBBeRQ5yE5/GNTKrJ3dyyv6URVpF2U5lWcrfpKcmJZoHjUg26K8DN6deYl1uo4e3NdE4B5LSmUEU2rEzVtK6KA=="
    },
    "node_modules/multer": {
      "version": "1.4.5",
      "resolved": "https://registry.npmjs.org/multer/-/multer-1.4.5.tgz",
      "integrity": "sha512-T9aeFvQ4AfvlunHh4YcTP9ifhF3J86qO2H9Tt6ZmAaNRnM9DoEc2ouAh5UbsTH6d1FQZ8oOBn9mOyf6TwfMWgw==",
      "license": "MIT",
      "dependencies": {
        "busboy": "^1.6.0",
        "dicer": "^3.0.0",
        "on-finished": "^2.4.1",
        "qs": "^6.5.2",
        "setimmediate": "^1.0.5"
      }
    },
    "node_modules/mysql2": {
      "version": "3.11.3",
      "resolved": "https://registry.npmjs.org/mysql2/-/mysql2-3.11.3.tgz",
      "integrity": "sha512-lZT4EDWOp5PC2uOj7Ox4i9PmlFBPEK0AflEbbgH/YyX36mHb/JgK7tcmhqlGDoW34FO+G2h5h3H9kiR5U33ZqQ==",
      "license": "MIT",
      "dependencies": {
        "bcrypt": "^5.0.1",
        "dotenv": "^10.0.0"
      }
    },
    "node_modules/node-fetch": {
      "version": "2.6.7",
      "resolved": "https://registry.npmjs.org/node-fetch/-/node-fetch-2.6.7.tgz",
      "integrity": "sha512-LXfPUb0DkjIpRP0Fm2Rm/l/sCKYVIdB6PY6P51hOgWWp0fnDof1NVDvEcvC68j6g3OCADSCpGVh5Pjfwg8Fd+Q==",
      "license": "MIT"
    },
    "node_modules/nodemon": {
      "version": "2.0.22",
      "resolved": "https://registry.npmjs.org/nodemon/-/nodemon-2.0.22.tgz",
      "integrity": "sha512-yXX+WgQwJtC3Fn5eVYy1Fjxiwz+60g6cR5N8tLuzsD5+bGs0NipM1bu1Awz00e9LgBqfhz4gEbkp7Dd6ck35Yg==",
      "license": "MIT",
      "dependencies": {
        "chokidar": "^3.5.3",
        "ignore": "^5.2.0",
        "isexe": "^2.0.0",
        "lodash": "^4.17.21",
        "minimist": "^1.2.0",
        "nodemon": "^2.0.0",
        "update-notifier": "^5.1.0"
      }
    },
    "node_modules/on-finished": {
      "version": "2.4.1",
      "resolved": "https://registry.npmjs.org/on-finished/-/on-finished-2.4.1.tgz",
      "integrity": "sha512-X5I4qR0IjGxG8g3c7yB6qTAtjbiujTTXsm4YMQgICZ/kPuyr3lZXYjUNuRVi2I1wa09f3CSt+jhC1VhE7zjDQ==",
      "license": "MIT"
    },
    "node_modules/on-headers": {
      "version": "1.0.2",
      "resolved": "https://registry.npmjs.org/on-headers/-/on-headers-1.0.2.tgz",
      "integrity": "sha512-nXk8g09v0uo6j4cBf0gNcqyaVtHCT7Z9Rbi6yFjD9NEz39y7B1FOK7R4XUKz0bc5mUwI49USM62tT/sWygKDcg==",
      "license": "MIT"
    },
    "node_modules/parseurl": {
      "version": "1.3.3",
      "resolved": "https://registry.npmjs.org/parseurl/-/parseurl-1.3.3.tgz",
      "integrity": "sha512-Vq20YHhOYDsdwyp1AUGcPOuHz+r3cLV8ZOKKj0R4LxYgQKnbt7sZK5tA8cz5q9k0KlQLTz9hOl8h6c2fFh9w8kg==",
      "license": "MIT"
    },
    "node_modules/pino": {
      "version": "8.13.0",
      "resolved": "https://registry.npmjs.org/pino/-/pino-8.13.0.tgz",
      "integrity": "sha512-DdrbsqY1nO4Q3t0JHGF/Zg5iKfpWLi64ue1Bh0FHiI4YHNGC92HnnW8mF4c2+cIV1h23/jTXqgUVDhR7WduhKQ==",
      "license": "MIT",
      "dependencies": {
        "pino-pretty": "^9.0.0"
      }
    },
    "node_modules/pino-pretty": {
      "version": "9.0.0",
      "resolved": "https://registry.npmjs.org/pino-pretty/-/pino-pretty-9.0.0.tgz",
      "integrity": "sha512-MWve/T1ue/gWbV9U8t/yzxYOQJ2NjgnipBlIyzZ8UrYHN1j77xIFsM/89nqa8F6PTHMY6Hd9ztbBYy11cP5hHQ==",
      "license": "MIT",
      "dependencies": {
        "pino": "^8.0.0"
      }
    },
    "node_modules/qs": {
      "version": "6.13.0",
      "resolved": "https://registry.npmjs.org/qs/-/qs-6.13.0.tgz",
      "integrity": "sha512-dLR1n7Zs0+Z0WcFq7RysPMH90vO0D/eCozH9ow7BjS7U1WDMRPjt2x3N9IIBGFV3I+QH+xLXi7KLjqVxWk9zvQ==",
      "license": "MIT"
    },
    "node_modules/range-parser": {
      "version": "1.2.1",
      "resolved": "https://registry.npmjs.org/range-parser/-/range-parser-1.2.1.tgz",
      "integrity": "sha512-ecHFGcl++D1N1js4I5Xw1B3IQZpUdyF1lL40lsAK/O7FwqG6F8UqDwZsGgddU5G5y9pQ8z6XjHyR8+rRqc3RgQ==",
      "license": "MIT"
    },
    "node_modules/request": {
      "version": "2.88.2",
      "resolved": "https://registry.npmjs.org/request/-/request-2.88.2.tgz",
      "integrity": "sha512-dA1XcBIB+Xc3c2E7Uj0rAS9oYtNThUs3ZON+3ATy+z7gZlOZ+2efP32saD1G5AYAw4xJfz3Ews1B8PB9aPBNFg==",
      "license": "MIT",
      "dependencies": {
        "aws-sign2": "~0.7.0",
        "aws4": "^1.8.0",
        "caseless": "~0.12.0",
        "combined-stream": "~1.0.0",
        "extend": "~3.0.2",
        "form-data": "~3.0.0",
        "har-validator": "~5.1.3",
        "http-signature": "~1.2.0",
        "is-typedarray": "~1.0.0",
        "isstream": "~0.1.2",
        "oauth-sign": "~0.9.0",
        "performance-now": "^2.1.0",
        "qs": "0.6.x",
        "request-promise": "^4.2.1",
        "safe-buffer": "^5.1.1",
        "tough-cookie": "~2.5.0",
        "uuid": "^3.3.2"
      }
    },
    "node_modules/require-injection": {
      "version": "1.0.0",
      "resolved": "https://registry.npmjs.org/require-injection/-/require-injection-1.0.0.tgz",
      "integrity": "sha512-4JgHYrDQ7fVdbGgWhj4+m3DqPC7Hjaev1YddpYbmlcvUMMN4yzGPCOg1m4dWzA/qyUtAdoX6iJjTITt7PkPT+g==",
      "license": "MIT"
    },
    "node_modules/respawn": {
      "version": "7.0.0",
      "resolved": "https://registry.npmjs.org/respawn/-/respawn-7.0.0.tgz",
      "integrity": "sha512-pcQ28oQvHNdq2n/05XjW1Mv8N2e2zMb8gNjMRiLp7HIvFLt1j48qR+zKAVW5T5T2Ao3mkMkuWYoF73VexgpBQ==",
      "license": "MIT"
    },
    "node_modules/rimraf": {
      "version": "3.0.2",
      "resolved": "https://registry.npmjs.org/rimraf/-/rimraf-3.0.2.tgz",
      "integrity": "sha512-WZOBijSxD/uI0b2G4eDlT+JypWzxlqek1QH7g7Q2H8FMlK2P0Xya0dpQd3bZxvl2rWYygMi/gw0gWOCFzDGGQQ==",
      "license": "MIT"
    },
    "node_modules/serve-static": {
      "version": "1.14.1",
      "resolved": "https://registry.npmjs.org/serve-static/-/serve-static-1.14.1.tgz",
      "integrity": "sha512-q7qXGg6iIR25Q7Kx5hVbNw0rB88GfhQwTeR3WjZ71y61v2x+5fFeQvaE1b6c6BQCE6PsXL7cXMsT2RCXzN4Xg==",
      "license": "MIT"
    },
    "node_modules/safe-buffer": {
      "version": "5.2.1",
      "resolved": "https://registry.npmjs.org/safe-buffer/-/safe-buffer-5.2.1.tgz",
      "integrity": "sha512-mwMdS+yef1+M8Otd2Er14AsRtNKFGWmgEElZKhEBTXi08/uIl9V+SOmEz96KO0sfhFlCEESxBkpVnMVBR7x7qg==",
      "license": "MIT"
    },
    "node_modules/semver": {
      "version": "7.3.5",
      "resolved": "https://registry.npmjs.org/semver/-/semver-7.3.5.tgz",
      "integrity": "sha512-pIs/ZWv2T/MymON7COnxk1/U8hf55MA5zvOltF9Eb8CBn4AMId4D2TxLtK6jpTWS1eIvoaht8D6Fh2H9lKaWKg==",
      "license": "MIT"
    },
    "node_modules/setimmediate": {
      "version": "1.0.5",
      "resolved": "https://registry.npmjs.org/setimmediate/-/setimmediate-1.0.5.tgz",
      "integrity": "sha512-R2Y1hMR2vZ9S0+/98CNF0fRmEyMOTXeSM4+4xDrrMm1FNyPYig6b5lZBQ01QXFl87GZkSV5P+m6AwxqGqWQ3tQ=="
    },
    "node_modules/slice-stream": {
      "version": "0.0.6",
      "resolved": "https://registry.npmjs.org/slice-stream/-/slice-stream-0.0.6.tgz",
      "integrity": "sha512-Dm7ynokZ3Iff5Fz7yP7xlq/k9Z+3B+yB+tb3xkG62SFO7RpxQaGpF4qc7RMoU8QCl4VnC2F4xHNtzMbhMk+SlA==",
      "license": "MIT"
    },
    "node_modules/sockjs": {
      "version": "0.0.21",
      "resolved": "https://registry.npmjs.org/sockjs/-/sockjs-0.0.21.tgz",
      "integrity": "sha512-KDNB0WrTuw8iDePUc0y/F16OMXfTD6hAxP+6IK/1H76S+9YzZ9cD2kW9pCSTQdE/FAj76amLmbK7Su/V3UWSJw==",
      "license": "MIT"
    },
    "node_modules/sockjs-client": {
      "version": "1.5.1",
      "resolved": "https://registry.npmjs.org/sockjs-client/-/sockjs-client-1.5.1.tgz",
      "integrity": "sha512-LD2u4OqY8r8OjxS2yTu/VEKr1z1wHFkD/NhKGBGBNPsm2o0PfEq5y+6IKVZlYctF6W7hDAAZIY3P7zziYFJhQ==",
      "license": "MIT"
    },
    "node_modules/statuses": {
      "version": "1.5.0",
      "resolved": "https://registry.npmjs.org/statuses/-/statuses-1.5.0.tgz",
      "integrity": "sha512-Glc2tB45RkCRoJ6GRYlZ5f1F4Uv9sKSid/44tD3VMEa9MRPmZzpUKz36dZgToU0jW/gT2+0gqjH3xxODwyZdd4Q==",
      "license": "MIT"
    },
    "node_modules/stream-throttle": {
      "version": "2.0.0",
      "resolved": "https://registry.npmjs.org/stream-throttle/-/stream-throttle-2.0.0.tgz",
      "integrity": "sha512-4b/qFhHscN6Hyg/oMXGNTLezHDB+2H0eQG7hLB4n5+QQdi9/+XZYJ7VrtZg7C53iOPAzsMLsC8wHDyQaW93z9bw=="
    },
    "node_modules/tar": {
      "version": "6.1.11",
      "resolved": "https://registry.npmjs.org/tar/-/tar-6.1.11.tgz",
      "integrity": "sha512-ZV5+lL6qvTYA0wPb1DkpUanY3EmK2PVcg4g8s7+V4q00uvI4Gq7ss7q8NZ9w+Q5zwhAERQ1g4k8q6p7uOkn7UQ==",
      "dependencies": {
        "chownr": "^1.1.0",
        "fs-minipass": "^2.1.0",
        "minipass": "^2.9.0",
        "minipass-fetch": "^2.0.1",
        "minipass-zip": "^1.0.0",
        "mkdirp": "^1.0.4",
        "safe-buffer": "^5.1.1",
        "yauzl": "^2.10.0"
      },
      "engines": {
        "node": ">=8"
      }
    },
    "node_modules/type-is": {
      "version": "1.6.18",
      "resolved": "https://registry.npmjs.org/type-is/-/type-is-1.6.18.tgz",
      "integrity": "sha512-2F4ITgGe6BBn+4PpIi6Ok5iC0JXDLhHgAVTjEfVw/8V7q4MYIvTKqAVh1+QPaf9t8lvf1gpkYXfZZYAfGdAmng==",
      "license": "MIT"
    },
    "node_modules/uid-safe": {
      "version": "2.1.5",
      "resolved": "https://registry.npmjs.org/uid-safe/-/uid-safe-2.1.5.tgz",
      "integrity": "sha512-10TEI7WOKO8Uk7KhK5hnpH5TH1+5FNTgq0EqkMb64ZR9BOF+8KzPCxy4OY/mVRfzH4U8RIyHzf5T35W2UJbdCw==",
      "license": "MIT"
    },
    "node_modules/update-notifier": {
      "version": "5.1.0",
      "resolved": "https://registry.npmjs.org/update-notifier/-/update-notifier-5.1.0.tgz",
      "integrity": "sha512-u/Zib8X8D7C25T3ofZbOrS4MBNTDWyxjUtQzWiW9iujunZJEm+h21MGI5+9XQtA+Vxdwb1G+l2F1Pp3TFef6fA==",
      "license": "MIT",
      "dependencies": {
        "is-installed-globally": "^0.2.0",
        "is-unicode-supported": "^0.1.0",
        "latest-version": "^6.0.0",
        "package-json": "^7.0.1",
        "semver": "^7.0.0",
        "string-length": "^4.0.0",
        "tree-kill": "^1.2.1",
        "xdg-basedir": "^4.0.0"
      }
    },
    "node_modules/whatwg-fetch": {
      "version": "3.6.2",
      "resolved": "https://registry.npmjs.org/whatwg-fetch/-/whatwg-fetch-3.6.2.tgz",
      "integrity": "sha512-9RXMCqI//8uGZ46mU0H7kkUDsRVGb7NY76UApD+mcFzGRExz3Jo+3f7bhBiyU45a6dVvc4gkSN7ZQPIEhhSB8g=="
    },
    "node_modules/ws": {
      "version": "7.5.7",
      "resolved": "https://registry.npmjs.org/ws/-/ws-7.5.7.tgz",
      "integrity": "sha512-gfxAbBUpNm+Zo27IHz8Vo7ts9yKz6PeRR32S82/cqf2OFfbl20FfH3sq/a96ZGyZ9oZc0u1d60Oj9QlKL32mKA==",
      "license": "MIT"
    },
    "node_modules/yauzl": {
      "version": "2.10.0",
      "resolved": "https://registry.npmjs.org/yauzl/-/yauzl-2.10.0.tgz",
      "integrity": "sha512-yBvQOaUHr7h3ms7GdRVMnH9p11P6eI6KiEEl6xkPq0MRS26lE5MN4vV1UvcGkTxYx9pP5+IlZyWSVQgq+dK8Aw==",
      "dependencies": {
        "fd-slicer": "^1.0.1",
        "get-stream": "^6.0.1"
      },
      "engines": {
        "node": ">=6"
      }
    }
  }
}
